{
  "object": {
    "pins": [
      {
        "package": "Segment",
        "repositoryURL": "https://github.com/segmentio/analytics-ios",
        "state": {
          "branch": null,
          "revision": "6e5dc12663a96081f375f11441f8d1a4def62aec",
          "version": "4.1.5"
        }
      },
      {
        "package": "Apollo",
        "repositoryURL": "https://github.com/apollographql/apollo-ios",
        "state": {
          "branch": null,
          "revision": "6aea4edfc40e8a81beae182656c83ac99584af9f",
          "version": "0.48.0"
        }
      },
      {
        "package": "TwilioConversationsClient",
        "repositoryURL": "https://github.com/twilio/conversations-ios",
        "state": {
          "branch": null,
          "revision": "72b99434bd2f99a69a81d4041f1c978de02f4224",
          "version": "2.2.1"
        }
      },
      {
        "package": "JWTDecode",
        "repositoryURL": "https://github.com/auth0/JWTDecode.swift",
        "state": {
          "branch": null,
          "revision": "3cd207fb9e943b6168a117baa3936c823204c2dc",
          "version": "2.6.3"
        }
      },
      {
        "package": "Kingfisher",
        "repositoryURL": "https://github.com/onevcat/Kingfisher",
        "state": {
          "branch": null,
          "revision": "318e319998bf555c3e914d5c3adb6da05af86a32",
          "version": "7.1.1"
        }
      },
      {
        "package": "Reachability",
        "repositoryURL": "https://github.com/ashleymills/Reachability.swift",
        "state": {
          "branch": null,
          "revision": "6c8652a8ea35a64cf36367d07b3d6e5e6a24b272",
          "version": "4.3.1"
        }
      },
      {
        "package": "Sentry",
        "repositoryURL": "https://github.com/getsentry/sentry-cocoa",
        "state": {
          "branch": null,
          "revision": "5dcd5c245545a03a27988dcdb1a53f78fbee12a1",
          "version": "7.8.0"
        }
      },
      {
        "package": "SnapKit",
        "repositoryURL": "https://github.com/SnapKit/SnapKit",
        "state": {
          "branch": null,
          "revision": "d458564516e5676af9c70b4f4b2a9178294f1bc6",
          "version": "5.0.1"
        }
      },
      {
        "package": "SQLite.swift",
        "repositoryURL": "https://github.com/stephencelis/SQLite.swift.git",
        "state": {
          "branch": null,
          "revision": "0a9893ec030501a3956bee572d6b4fdd3ae158a1",
          "version": "0.12.2"
        }
      },
      {
        "package": "Starscream",
        "repositoryURL": "https://github.com/daltoniam/Starscream",
        "state": {
          "branch": null,
          "revision": "9c03ef715d1bc9334b446c90df53586dd38cf849",
          "version": "3.1.0"
        }
      },
      {
        "package": "Swinject",
        "repositoryURL": "https://github.com/Swinject/Swinject",
        "state": {
          "branch": null,
          "revision": "8a76d2c74bafbb455763487cc6a08e91bad1f78b",
          "version": "2.7.1"
        }
      },
      {
        "package": "TwilioVideo",
        "repositoryURL": "https://github.com/twilio/twilio-video-ios",
        "state": {
          "branch": null,
          "revision": "e9cea5bb66341a2aa1d90276e240577cadd54bbb",
          "version": "4.6.0"
        }
      }
    ]
  },
  "version": 1
}
