{
  "pins" : [
    {
      "identity" : "analytics-ios",
      "kind" : "remoteSourceControl",
      "location" : "https://github.com/segmentio/analytics-ios",
      "state" : {
        "revision" : "78423aaae2e48e32a07246850f37c76f3d34cb84",
        "version" : "4.1.8"
      }
    },
    {
      "identity" : "apollo-ios",
      "kind" : "remoteSourceControl",
      "location" : "https://github.com/apollographql/apollo-ios",
      "state" : {
        "revision" : "07739642383de02e1ca225207f8f64acc328b610",
        "version" : "1.5.0"
      }
    },
    {
      "identity" : "conversations-ios",
      "kind" : "remoteSourceControl",
      "location" : "https://github.com/twilio/conversations-ios",
      "state" : {
        "revision" : "950841709e49043c023b94f54cd7e3106ecf3bf5",
        "version" : "4.0.2"
      }
    },
    {
      "identity" : "devicekit",
      "kind" : "remoteSourceControl",
      "location" : "https://github.com/devicekit/DeviceKit",
      "state" : {
        "revision" : "691fe8112cca20ebf0020a1709d4e0205400311c",
        "version" : "5.0.0"
      }
    },
    {
      "identity" : "inflectorkit",
      "kind" : "remoteSourceControl",
      "location" : "https://github.com/mattt/InflectorKit",
      "state" : {
        "revision" : "d8cbcc04972690aaa5fc760a2b9ddb3e9f0decd7",
        "version" : "1.0.0"
      }
    },
    {
      "identity" : "inquiry-ios-2",
      "kind" : "remoteSourceControl",
      "location" : "https://github.com/persona-id/inquiry-ios-2",
      "state" : {
        "revision" : "b3cf2b4eb38b57a829a43419d0ccdc207690bc14",
        "version" : "2.12.3"
      }
    },
    {
      "identity" : "jwtdecode.swift",
      "kind" : "remoteSourceControl",
      "location" : "https://github.com/auth0/JWTDecode.swift",
      "state" : {
        "revision" : "58af7278797871e460d79496621b3e5366b865b2",
        "version" : "3.1.0"
      }
    },
    {
      "identity" : "kingfisher",
      "kind" : "remoteSourceControl",
      "location" : "https://github.com/onevcat/Kingfisher",
      "state" : {
        "revision" : "b6f62758f21a8c03cd64f4009c037cfa580a256e",
        "version" : "7.9.1"
      }
    },
    {
      "identity" : "pspdfkit-sp",
      "kind" : "remoteSourceControl",
      "location" : "https://github.com/PSPDFKit/PSPDFKit-SP",
      "state" : {
        "revision" : "612f0c3e86a8a6c5a9fac87da9b990ce836c3214",
        "version" : "12.3.0"
      }
    },
    {
      "identity" : "reachability.swift",
      "kind" : "remoteSourceControl",
      "location" : "https://github.com/ashleymills/Reachability.swift",
      "state" : {
        "revision" : "c01bbdf2d633cf049ae1ed1a68a2020a8bda32e2",
        "version" : "5.1.0"
      }
    },
    {
      "identity" : "sentry-cocoa",
      "kind" : "remoteSourceControl",
      "location" : "https://github.com/getsentry/sentry-cocoa",
      "state" : {
        "revision" : "d277532e1c8af813981ba01f591b15bbdd735615",
        "version" : "8.8.0"
      }
    },
    {
      "identity" : "snapkit",
      "kind" : "remoteSourceControl",
      "location" : "https://github.com/SnapKit/SnapKit",
      "state" : {
        "revision" : "f222cbdf325885926566172f6f5f06af95473158",
        "version" : "5.6.0"
      }
    },
    {
      "identity" : "sqlite.swift",
      "kind" : "remoteSourceControl",
      "location" : "https://github.com/stephencelis/SQLite.swift.git",
      "state" : {
        "revision" : "7a2e3cd27de56f6d396e84f63beefd0267b55ccb",
        "version" : "0.14.1"
      }
    },
    {
      "identity" : "starscream",
      "kind" : "remoteSourceControl",
      "location" : "https://github.com/daltoniam/Starscream",
      "state" : {
        "revision" : "9c03ef715d1bc9334b446c90df53586dd38cf849",
        "version" : "3.1.0"
      }
    },
    {
      "identity" : "swift-argument-parser",
      "kind" : "remoteSourceControl",
      "location" : "https://github.com/apple/swift-argument-parser.git",
      "state" : {
        "revision" : "fee6933f37fde9a5e12a1e4aeaa93fe60116ff2a",
        "version" : "1.2.2"
      }
    },
    {
      "identity" : "swift-collections",
      "kind" : "remoteSourceControl",
      "location" : "https://github.com/apple/swift-collections",
      "state" : {
        "revision" : "937e904258d22af6e447a0b72c0bc67583ef64a2",
        "version" : "1.0.4"
      }
    },
    {
      "identity" : "swinject",
      "kind" : "remoteSourceControl",
      "location" : "https://github.com/Swinject/Swinject",
      "state" : {
        "revision" : "8bc503e60965298984fb58cf47b71c541449fe2a",
        "version" : "2.8.3"
      }
    },
    {
      "identity" : "twilio-video-ios",
      "kind" : "remoteSourceControl",
      "location" : "https://github.com/twilio/twilio-video-ios",
      "state" : {
        "revision" : "676e7af3a4001d888d4d067e19eaff83d001f012",
        "version" : "5.7.0"
      }
    },
    {
      "identity" : "twilsock-ios",
      "kind" : "remoteSourceControl",
      "location" : "https://github.com/twilio/twilsock-ios",
      "state" : {
        "revision" : "2ac16a8533b128ea47aa2d6a70bf753d31705252",
        "version" : "2.0.2"
      }
    }
  ],
  "version" : 2
}
